
Microsoft Visual Studio Solution File, Format Version 12.00
# Visual Studio Version 16
VisualStudioVersion = 16.0.30611.23
MinimumVisualStudioVersion = 10.0.40219.1
Project("{FAE04EC0-301F-11D3-BF4B-00C04F79EFBC}") = "Advance operating system", "Advance operating system\Advance operating system.csproj", "{F344DDB3-0E5D-4B2E-B783-2A17CCDD31CE}"
EndProject
Global
	GlobalSection(SolutionConfigurationPlatforms) = preSolution
		Debug|Any CPU = Debug|Any CPU
		Release|Any CPU = Release|Any CPU
	EndGlobalSection
	GlobalSection(ProjectConfigurationPlatforms) = postSolution
		{F344DDB3-0E5D-4B2E-B783-2A17CCDD31CE}.Debug|Any CPU.ActiveCfg = Debug|Any CPU
		{F344DDB3-0E5D-4B2E-B783-2A17CCDD31CE}.Debug|Any CPU.Build.0 = Debug|Any CPU
		{F344DDB3-0E5D-4B2E-B783-2A17CCDD31CE}.Release|Any CPU.ActiveCfg = Release|Any CPU
		{F344DDB3-0E5D-4B2E-B783-2A17CCDD31CE}.Release|Any CPU.Build.0 = Release|Any CPU
	EndGlobalSection
	GlobalSection(SolutionProperties) = preSolution
		HideSolutionNode = FALSE
	EndGlobalSection
	GlobalSection(ExtensibilityGlobals) = postSolution
		SolutionGuid = {A86760C7-F450-4008-9DB9-7336EA3D8641}
	EndGlobalSection
EndGlobal
